
Microsoft Visual Studio Solution File, Format Version 12.00
# Visual Studio Version 17
VisualStudioVersion = 17.1.32228.430
MinimumVisualStudioVersion = 10.0.40219.1
Project("{FAE04EC0-301F-11D3-BF4B-00C04F79EFBC}") = "PulseLTD_Exercise", "PulseLTD_Exercise\PulseLTD_Exercise.csproj", "{9AF41F3F-F065-4550-AA36-5830B9138974}"
EndProject
Global
	GlobalSection(SolutionConfigurationPlatforms) = preSolution
		Debug|Any CPU = Debug|Any CPU
		Release|Any CPU = Release|Any CPU
	EndGlobalSection
	GlobalSection(ProjectConfigurationPlatforms) = postSolution
		{9AF41F3F-F065-4550-AA36-5830B9138974}.Debug|Any CPU.ActiveCfg = Debug|Any CPU
		{9AF41F3F-F065-4550-AA36-5830B9138974}.Debug|Any CPU.Build.0 = Debug|Any CPU
		{9AF41F3F-F065-4550-AA36-5830B9138974}.Release|Any CPU.ActiveCfg = Release|Any CPU
		{9AF41F3F-F065-4550-AA36-5830B9138974}.Release|Any CPU.Build.0 = Release|Any CPU
	EndGlobalSection
	GlobalSection(SolutionProperties) = preSolution
		HideSolutionNode = FALSE
	EndGlobalSection
	GlobalSection(ExtensibilityGlobals) = postSolution
		SolutionGuid = {0CAD1C61-FA61-45AE-A86F-236BD04C31C7}
	EndGlobalSection
EndGlobal
